
Microsoft Visual Studio Solution File, Format Version 12.00
# Visual Studio Version 17
VisualStudioVersion = 17.5.002.0
MinimumVisualStudioVersion = 10.0.40219.1
Project("{2150E333-8FDC-42A3-9474-1A3956D46DE8}") = "api", "api", "{15C17DCB-F1EF-43AA-85C3-E816875F575A}"
EndProject
Project("{9A19103F-16F7-4668-BE54-9A1E7A4F7556}") = "api", "api\api\api.csproj", "{054CC783-92C9-4043-8CBC-D6E269AA01C4}"
EndProject
Global
	GlobalSection(SolutionConfigurationPlatforms) = preSolution
		Debug|Any CPU = Debug|Any CPU
		Release|Any CPU = Release|Any CPU
	EndGlobalSection
	GlobalSection(ProjectConfigurationPlatforms) = postSolution
		{054CC783-92C9-4043-8CBC-D6E269AA01C4}.Debug|Any CPU.ActiveCfg = Debug|Any CPU
		{054CC783-92C9-4043-8CBC-D6E269AA01C4}.Debug|Any CPU.Build.0 = Debug|Any CPU
		{054CC783-92C9-4043-8CBC-D6E269AA01C4}.Release|Any CPU.ActiveCfg = Release|Any CPU
		{054CC783-92C9-4043-8CBC-D6E269AA01C4}.Release|Any CPU.Build.0 = Release|Any CPU
	EndGlobalSection
	GlobalSection(SolutionProperties) = preSolution
		HideSolutionNode = FALSE
	EndGlobalSection
	GlobalSection(NestedProjects) = preSolution
		{054CC783-92C9-4043-8CBC-D6E269AA01C4} = {15C17DCB-F1EF-43AA-85C3-E816875F575A}
	EndGlobalSection
	GlobalSection(ExtensibilityGlobals) = postSolution
		SolutionGuid = {3FB1F667-7D58-4E95-847B-4D3D0EED665B}
	EndGlobalSection
EndGlobal
